
Microsoft Visual Studio Solution File, Format Version 12.00
# Visual Studio 15
VisualStudioVersion = 15.0.28307.1300
MinimumVisualStudioVersion = 10.0.40219.1
Project("{FAE04EC0-301F-11D3-BF4B-00C04F79EFBC}") = "BigDataProject_", "BigDataProject_\BigDataProject_.csproj", "{C7544F06-888F-436D-A625-982BC81316C7}"
EndProject
Global
	GlobalSection(SolutionConfigurationPlatforms) = preSolution
		Debug|Any CPU = Debug|Any CPU
		Release|Any CPU = Release|Any CPU
	EndGlobalSection
	GlobalSection(ProjectConfigurationPlatforms) = postSolution
		{C7544F06-888F-436D-A625-982BC81316C7}.Debug|Any CPU.ActiveCfg = Debug|Any CPU
		{C7544F06-888F-436D-A625-982BC81316C7}.Debug|Any CPU.Build.0 = Debug|Any CPU
		{C7544F06-888F-436D-A625-982BC81316C7}.Release|Any CPU.ActiveCfg = Release|Any CPU
		{C7544F06-888F-436D-A625-982BC81316C7}.Release|Any CPU.Build.0 = Release|Any CPU
	EndGlobalSection
	GlobalSection(SolutionProperties) = preSolution
		HideSolutionNode = FALSE
	EndGlobalSection
	GlobalSection(ExtensibilityGlobals) = postSolution
		SolutionGuid = {AE23491B-80BC-4028-87FE-EE444BCD95CC}
	EndGlobalSection
EndGlobal
